
Microsoft Visual Studio Solution File, Format Version 12.00
# Visual Studio Version 17
VisualStudioVersion = 17.14.36429.23
MinimumVisualStudioVersion = 10.0.40219.1
Project("{FAE04EC0-301F-11D3-BF4B-00C04F79EFBC}") = "ElectricVehicleM.Repositories.QuangNM", "ElectricVehicleM.Repositories.QuangNM\ElectricVehicleM.Repositories.QuangNM.csproj", "{89C44AAE-1F3A-5791-87D3-8BF1B4BB8E9E}"
EndProject
Project("{FAE04EC0-301F-11D3-BF4B-00C04F79EFBC}") = "ElectricVehicleM.Services.QuangNM", "ElectricVehicleM.Services.QuangNM\ElectricVehicleM.Services.QuangNM.csproj", "{6759FF21-94C3-A1D2-643C-3021A4A6E617}"
EndProject
Project("{FAE04EC0-301F-11D3-BF4B-00C04F79EFBC}") = "ElectricVehicleM.GrpcService.QuangNM", "ElectricVehicleM.GrpcService.QuangNM\ElectricVehicleM.GrpcService.QuangNM.csproj", "{DC84AF5D-2BCA-4D67-B4B5-DCB5DB320E92}"
EndProject
Project("{FAE04EC0-301F-11D3-BF4B-00C04F79EFBC}") = "ElectricVehicleM.ConsoleApp.QuangNM", "ElectricVehicleM.ConsoleApp.QuangNM\ElectricVehicleM.ConsoleApp.QuangNM.csproj", "{7C68F022-21E3-4B46-8A0E-45F5F01A3DD9}"
EndProject
Global
	GlobalSection(SolutionConfigurationPlatforms) = preSolution
		Debug|Any CPU = Debug|Any CPU
		Release|Any CPU = Release|Any CPU
	EndGlobalSection
	GlobalSection(ProjectConfigurationPlatforms) = postSolution
		{89C44AAE-1F3A-5791-87D3-8BF1B4BB8E9E}.Debug|Any CPU.ActiveCfg = Debug|Any CPU
		{89C44AAE-1F3A-5791-87D3-8BF1B4BB8E9E}.Debug|Any CPU.Build.0 = Debug|Any CPU
		{89C44AAE-1F3A-5791-87D3-8BF1B4BB8E9E}.Release|Any CPU.ActiveCfg = Release|Any CPU
		{89C44AAE-1F3A-5791-87D3-8BF1B4BB8E9E}.Release|Any CPU.Build.0 = Release|Any CPU
		{6759FF21-94C3-A1D2-643C-3021A4A6E617}.Debug|Any CPU.ActiveCfg = Debug|Any CPU
		{6759FF21-94C3-A1D2-643C-3021A4A6E617}.Debug|Any CPU.Build.0 = Debug|Any CPU
		{6759FF21-94C3-A1D2-643C-3021A4A6E617}.Release|Any CPU.ActiveCfg = Release|Any CPU
		{6759FF21-94C3-A1D2-643C-3021A4A6E617}.Release|Any CPU.Build.0 = Release|Any CPU
		{DC84AF5D-2BCA-4D67-B4B5-DCB5DB320E92}.Debug|Any CPU.ActiveCfg = Debug|Any CPU
		{DC84AF5D-2BCA-4D67-B4B5-DCB5DB320E92}.Debug|Any CPU.Build.0 = Debug|Any CPU
		{DC84AF5D-2BCA-4D67-B4B5-DCB5DB320E92}.Release|Any CPU.ActiveCfg = Release|Any CPU
		{DC84AF5D-2BCA-4D67-B4B5-DCB5DB320E92}.Release|Any CPU.Build.0 = Release|Any CPU
		{7C68F022-21E3-4B46-8A0E-45F5F01A3DD9}.Debug|Any CPU.ActiveCfg = Debug|Any CPU
		{7C68F022-21E3-4B46-8A0E-45F5F01A3DD9}.Debug|Any CPU.Build.0 = Debug|Any CPU
		{7C68F022-21E3-4B46-8A0E-45F5F01A3DD9}.Release|Any CPU.ActiveCfg = Release|Any CPU
		{7C68F022-21E3-4B46-8A0E-45F5F01A3DD9}.Release|Any CPU.Build.0 = Release|Any CPU
	EndGlobalSection
	GlobalSection(SolutionProperties) = preSolution
		HideSolutionNode = FALSE
	EndGlobalSection
	GlobalSection(ExtensibilityGlobals) = postSolution
		SolutionGuid = {32F8E491-E6FD-4C96-A71D-A29DEA1B6A99}
	EndGlobalSection
EndGlobal
